
Microsoft Visual Studio Solution File, Format Version 12.00
# Visual Studio Version 17
VisualStudioVersion = 17.2.32516.85
MinimumVisualStudioVersion = 10.0.40219.1
Project("{FAE04EC0-301F-11D3-BF4B-00C04F79EFBC}") = "Excel Generator", "Excel Generator\Excel Generator.csproj", "{092ECC61-19AC-4ACC-9EB7-13622D9D0001}"
EndProject
Global
	GlobalSection(SolutionConfigurationPlatforms) = preSolution
		Debug|Any CPU = Debug|Any CPU
		Release|Any CPU = Release|Any CPU
	EndGlobalSection
	GlobalSection(ProjectConfigurationPlatforms) = postSolution
		{092ECC61-19AC-4ACC-9EB7-13622D9D0001}.Debug|Any CPU.ActiveCfg = Debug|Any CPU
		{092ECC61-19AC-4ACC-9EB7-13622D9D0001}.Debug|Any CPU.Build.0 = Debug|Any CPU
		{092ECC61-19AC-4ACC-9EB7-13622D9D0001}.Release|Any CPU.ActiveCfg = Release|Any CPU
		{092ECC61-19AC-4ACC-9EB7-13622D9D0001}.Release|Any CPU.Build.0 = Release|Any CPU
	EndGlobalSection
	GlobalSection(SolutionProperties) = preSolution
		HideSolutionNode = FALSE
	EndGlobalSection
	GlobalSection(ExtensibilityGlobals) = postSolution
		SolutionGuid = {EFD1B259-AAAF-44D3-BD63-DAB794827D3F}
	EndGlobalSection
EndGlobal
